
Microsoft Visual Studio Solution File, Format Version 12.00
# Visual Studio Version 16
VisualStudioVersion = 16.0.30320.27
MinimumVisualStudioVersion = 10.0.40219.1
Project("{8BC9CEB8-8B4A-11D0-8D11-00A0C91BC942}") = "HashTable", "HashTable\HashTable.vcxproj", "{1D172C2F-22A2-4F92-A021-2F30DD206D19}"
EndProject
Global
	GlobalSection(SolutionConfigurationPlatforms) = preSolution
		Debug|x64 = Debug|x64
		Debug|x86 = Debug|x86
		Release|x64 = Release|x64
		Release|x86 = Release|x86
	EndGlobalSection
	GlobalSection(ProjectConfigurationPlatforms) = postSolution
		{1D172C2F-22A2-4F92-A021-2F30DD206D19}.Debug|x64.ActiveCfg = Debug|x64
		{1D172C2F-22A2-4F92-A021-2F30DD206D19}.Debug|x64.Build.0 = Debug|x64
		{1D172C2F-22A2-4F92-A021-2F30DD206D19}.Debug|x86.ActiveCfg = Debug|Win32
		{1D172C2F-22A2-4F92-A021-2F30DD206D19}.Debug|x86.Build.0 = Debug|Win32
		{1D172C2F-22A2-4F92-A021-2F30DD206D19}.Release|x64.ActiveCfg = Release|x64
		{1D172C2F-22A2-4F92-A021-2F30DD206D19}.Release|x64.Build.0 = Release|x64
		{1D172C2F-22A2-4F92-A021-2F30DD206D19}.Release|x86.ActiveCfg = Release|Win32
		{1D172C2F-22A2-4F92-A021-2F30DD206D19}.Release|x86.Build.0 = Release|Win32
	EndGlobalSection
	GlobalSection(SolutionProperties) = preSolution
		HideSolutionNode = FALSE
	EndGlobalSection
	GlobalSection(ExtensibilityGlobals) = postSolution
		SolutionGuid = {B97BFEA5-4626-45A4-8408-D238674B7175}
	EndGlobalSection
EndGlobal
